
Microsoft Visual Studio Solution File, Format Version 12.00
# Visual Studio Version 16
VisualStudioVersion = 16.0.31112.23
MinimumVisualStudioVersion = 10.0.40219.1
Project("{FAE04EC0-301F-11D3-BF4B-00C04F79EFBC}") = "ToDoListV2", "ToDoListV2\ToDoListV2.csproj", "{A6B43ECB-8207-4C87-B314-63E024D633B0}"
EndProject
Global
	GlobalSection(SolutionConfigurationPlatforms) = preSolution
		Debug|Any CPU = Debug|Any CPU
		Release|Any CPU = Release|Any CPU
	EndGlobalSection
	GlobalSection(ProjectConfigurationPlatforms) = postSolution
		{A6B43ECB-8207-4C87-B314-63E024D633B0}.Debug|Any CPU.ActiveCfg = Debug|Any CPU
		{A6B43ECB-8207-4C87-B314-63E024D633B0}.Debug|Any CPU.Build.0 = Debug|Any CPU
		{A6B43ECB-8207-4C87-B314-63E024D633B0}.Release|Any CPU.ActiveCfg = Release|Any CPU
		{A6B43ECB-8207-4C87-B314-63E024D633B0}.Release|Any CPU.Build.0 = Release|Any CPU
	EndGlobalSection
	GlobalSection(SolutionProperties) = preSolution
		HideSolutionNode = FALSE
	EndGlobalSection
	GlobalSection(ExtensibilityGlobals) = postSolution
		SolutionGuid = {C84B9215-903C-4327-90F2-8CF2CF366D33}
	EndGlobalSection
EndGlobal
